
Microsoft Visual Studio Solution File, Format Version 12.00
# Visual Studio Version 17
VisualStudioVersion = 17.11.35312.102
MinimumVisualStudioVersion = 10.0.40219.1
Project("{FAE04EC0-301F-11D3-BF4B-00C04F79EFBC}") = "Kruskal", "Kruskal\Kruskal.csproj", "{711CC51D-726C-4FE3-88AC-2328298B1957}"
EndProject
Global
	GlobalSection(SolutionConfigurationPlatforms) = preSolution
		Debug|Any CPU = Debug|Any CPU
		Release|Any CPU = Release|Any CPU
	EndGlobalSection
	GlobalSection(ProjectConfigurationPlatforms) = postSolution
		{711CC51D-726C-4FE3-88AC-2328298B1957}.Debug|Any CPU.ActiveCfg = Debug|Any CPU
		{711CC51D-726C-4FE3-88AC-2328298B1957}.Debug|Any CPU.Build.0 = Debug|Any CPU
		{711CC51D-726C-4FE3-88AC-2328298B1957}.Release|Any CPU.ActiveCfg = Release|Any CPU
		{711CC51D-726C-4FE3-88AC-2328298B1957}.Release|Any CPU.Build.0 = Release|Any CPU
	EndGlobalSection
	GlobalSection(SolutionProperties) = preSolution
		HideSolutionNode = FALSE
	EndGlobalSection
	GlobalSection(ExtensibilityGlobals) = postSolution
		SolutionGuid = {40B53038-D576-4012-8E48-833B1C73D0C8}
	EndGlobalSection
EndGlobal
