
Microsoft Visual Studio Solution File, Format Version 12.00
# Visual Studio Version 17
VisualStudioVersion = 17.11.35312.102
MinimumVisualStudioVersion = 10.0.40219.1
Project("{FAE04EC0-301F-11D3-BF4B-00C04F79EFBC}") = "Huffman", "Huffman\Huffman.csproj", "{B8D847AE-2A78-4F60-9ACF-CD8771BE934A}"
EndProject
Global
	GlobalSection(SolutionConfigurationPlatforms) = preSolution
		Debug|Any CPU = Debug|Any CPU
		Release|Any CPU = Release|Any CPU
	EndGlobalSection
	GlobalSection(ProjectConfigurationPlatforms) = postSolution
		{B8D847AE-2A78-4F60-9ACF-CD8771BE934A}.Debug|Any CPU.ActiveCfg = Debug|Any CPU
		{B8D847AE-2A78-4F60-9ACF-CD8771BE934A}.Debug|Any CPU.Build.0 = Debug|Any CPU
		{B8D847AE-2A78-4F60-9ACF-CD8771BE934A}.Release|Any CPU.ActiveCfg = Release|Any CPU
		{B8D847AE-2A78-4F60-9ACF-CD8771BE934A}.Release|Any CPU.Build.0 = Release|Any CPU
	EndGlobalSection
	GlobalSection(SolutionProperties) = preSolution
		HideSolutionNode = FALSE
	EndGlobalSection
	GlobalSection(ExtensibilityGlobals) = postSolution
		SolutionGuid = {292B1B06-808D-45E8-A8AD-37C1A4ACC09A}
	EndGlobalSection
EndGlobal
